{
  "name": "test-app",
  "version": "1.0.0",
  "lockfileVersion": 3,
  "requires": true,
  "packages": {
    "": {
      "name": "test-app",
      "version": "1.0.0",
      "license": "MIT",
      "dependencies": {
        "day-lib": "file:../day-lib"
      }
    },
    "../day-lib": {
      "version": "1.0.0",
      "license": "MIT"
    },
    "node_modules/day-lib": {
      "resolved": "../day-lib",
      "link": true
    }
  }
}
